// !$*UTF8*$!
{
	archiveVersion = 1;
	classes = {
	};
	objectVersion = 50;
	objects = {

/* Begin PBXBuildFile section */
		29F3A1C426A80596003DA9A3 /* AppDelegate.swift in Sources */ = {isa = PBXBuildFile; fileRef = 29F3A1C326A80596003DA9A3 /* AppDelegate.swift */; };
		29F3A1C626A80596003DA9A3 /* SceneDelegate.swift in Sources */ = {isa = PBXBuildFile; fileRef = 29F3A1C526A80596003DA9A3 /* SceneDelegate.swift */; };
		29F3A1C826A80596003DA9A3 /* ContentView.swift in Sources */ = {isa = PBXBuildFile; fileRef = 29F3A1C726A80596003DA9A3 /* ContentView.swift */; };
		29F3A1CA26A80599003DA9A3 /* Assets.xcassets in Resources */ = {isa = PBXBuildFile; fileRef = 29F3A1C926A80599003DA9A3 /* Assets.xcassets */; };
		29F3A1CD26A80599003DA9A3 /* Preview Assets.xcassets in Resources */ = {isa = PBXBuildFile; fileRef = 29F3A1CC26A80599003DA9A3 /* Preview Assets.xcassets */; };
		29F3A1D026A80599003DA9A3 /* LaunchScreen.storyboard in Resources */ = {isa = PBXBuildFile; fileRef = 29F3A1CE26A80599003DA9A3 /* LaunchScreen.storyboard */; };
		29F3A1D826A80925003DA9A3 /* Employee.swift in Sources */ = {isa = PBXBuildFile; fileRef = 29F3A1D726A80925003DA9A3 /* Employee.swift */; };
		29F3A1DB26A80A9A003DA9A3 /* employee.json in Resources */ = {isa = PBXBuildFile; fileRef = 29F3A1DA26A80A9A003DA9A3 /* employee.json */; };
		29F3A1DF26A80CE8003DA9A3 /* Data.swift in Sources */ = {isa = PBXBuildFile; fileRef = 29F3A1DE26A80CE8003DA9A3 /* Data.swift */; };
		29F3A1E226A81004003DA9A3 /* CircleImage.swift in Sources */ = {isa = PBXBuildFile; fileRef = 29F3A1E126A81004003DA9A3 /* CircleImage.swift */; };
		29F3A1E526A8123D003DA9A3 /* EmployeeRow.swift in Sources */ = {isa = PBXBuildFile; fileRef = 29F3A1E426A8123D003DA9A3 /* EmployeeRow.swift */; };
		29F3A1E726A831E3003DA9A3 /* LabelTextField.swift in Sources */ = {isa = PBXBuildFile; fileRef = 29F3A1E626A831E3003DA9A3 /* LabelTextField.swift */; };
		29F3A1E926A83564003DA9A3 /* PortraitImage.swift in Sources */ = {isa = PBXBuildFile; fileRef = 29F3A1E826A83564003DA9A3 /* PortraitImage.swift */; };
		29F3A1EB26A839FB003DA9A3 /* SendedButton.swift in Sources */ = {isa = PBXBuildFile; fileRef = 29F3A1EA26A839FB003DA9A3 /* SendedButton.swift */; };
/* End PBXBuildFile section */

/* Begin PBXFileReference section */
		29F3A1C026A80596003DA9A3 /* Demo_101.app */ = {isa = PBXFileReference; explicitFileType = wrapper.application; includeInIndex = 0; path = Demo_101.app; sourceTree = BUILT_PRODUCTS_DIR; };
		29F3A1C326A80596003DA9A3 /* AppDelegate.swift */ = {isa = PBXFileReference; lastKnownFileType = sourcecode.swift; path = AppDelegate.swift; sourceTree = "<group>"; };
		29F3A1C526A80596003DA9A3 /* SceneDelegate.swift */ = {isa = PBXFileReference; lastKnownFileType = sourcecode.swift; path = SceneDelegate.swift; sourceTree = "<group>"; };
		29F3A1C726A80596003DA9A3 /* ContentView.swift */ = {isa = PBXFileReference; lastKnownFileType = sourcecode.swift; path = ContentView.swift; sourceTree = "<group>"; };
		29F3A1C926A80599003DA9A3 /* Assets.xcassets */ = {isa = PBXFileReference; lastKnownFileType = folder.assetcatalog; path = Assets.xcassets; sourceTree = "<group>"; };
		29F3A1CC26A80599003DA9A3 /* Preview Assets.xcassets */ = {isa = PBXFileReference; lastKnownFileType = folder.assetcatalog; path = "Preview Assets.xcassets"; sourceTree = "<group>"; };
		29F3A1CF26A80599003DA9A3 /* Base */ = {isa = PBXFileReference; lastKnownFileType = file.storyboard; name = Base; path = Base.lproj/LaunchScreen.storyboard; sourceTree = "<group>"; };
		29F3A1D126A80599003DA9A3 /* Info.plist */ = {isa = PBXFileReference; lastKnownFileType = text.plist.xml; path = Info.plist; sourceTree = "<group>"; };
		29F3A1D726A80925003DA9A3 /* Employee.swift */ = {isa = PBXFileReference; lastKnownFileType = sourcecode.swift; path = Employee.swift; sourceTree = "<group>"; };
		29F3A1DA26A80A9A003DA9A3 /* employee.json */ = {isa = PBXFileReference; lastKnownFileType = text.json; path = employee.json; sourceTree = "<group>"; };
		29F3A1DE26A80CE8003DA9A3 /* Data.swift */ = {isa = PBXFileReference; lastKnownFileType = sourcecode.swift; path = Data.swift; sourceTree = "<group>"; };
		29F3A1E126A81004003DA9A3 /* CircleImage.swift */ = {isa = PBXFileReference; lastKnownFileType = sourcecode.swift; path = CircleImage.swift; sourceTree = "<group>"; };
		29F3A1E426A8123D003DA9A3 /* EmployeeRow.swift */ = {isa = PBXFileReference; lastKnownFileType = sourcecode.swift; path = EmployeeRow.swift; sourceTree = "<group>"; };
		29F3A1E626A831E3003DA9A3 /* LabelTextField.swift */ = {isa = PBXFileReference; lastKnownFileType = sourcecode.swift; path = LabelTextField.swift; sourceTree = "<group>"; };
		29F3A1E826A83564003DA9A3 /* PortraitImage.swift */ = {isa = PBXFileReference; lastKnownFileType = sourcecode.swift; path = PortraitImage.swift; sourceTree = "<group>"; };
		29F3A1EA26A839FB003DA9A3 /* SendedButton.swift */ = {isa = PBXFileReference; lastKnownFileType = sourcecode.swift; path = SendedButton.swift; sourceTree = "<group>"; };
/* End PBXFileReference section */

/* Begin PBXFrameworksBuildPhase section */
		29F3A1BD26A80596003DA9A3 /* Frameworks */ = {
			isa = PBXFrameworksBuildPhase;
			buildActionMask = 2147483647;
			files = (
			);
			runOnlyForDeploymentPostprocessing = 0;
		};
/* End PBXFrameworksBuildPhase section */

/* Begin PBXGroup section */
		29F3A1B726A80596003DA9A3 = {
			isa = PBXGroup;
			children = (
				29F3A1C226A80596003DA9A3 /* Demo_101 */,
				29F3A1C126A80596003DA9A3 /* Products */,
			);
			sourceTree = "<group>";
		};
		29F3A1C126A80596003DA9A3 /* Products */ = {
			isa = PBXGroup;
			children = (
				29F3A1C026A80596003DA9A3 /* Demo_101.app */,
			);
			name = Products;
			sourceTree = "<group>";
		};
		29F3A1C226A80596003DA9A3 /* Demo_101 */ = {
			isa = PBXGroup;
			children = (
				29F3A1C326A80596003DA9A3 /* AppDelegate.swift */,
				29F3A1C526A80596003DA9A3 /* SceneDelegate.swift */,
				29F3A1C726A80596003DA9A3 /* ContentView.swift */,
				29F3A1E026A80D15003DA9A3 /* Data */,
				29F3A1C926A80599003DA9A3 /* Assets.xcassets */,
				29F3A1E326A81015003DA9A3 /* View */,
				29F3A1D926A80A64003DA9A3 /* Model */,
				29F3A1CE26A80599003DA9A3 /* LaunchScreen.storyboard */,
				29F3A1D126A80599003DA9A3 /* Info.plist */,
				29F3A1CB26A80599003DA9A3 /* Preview Content */,
			);
			path = Demo_101;
			sourceTree = "<group>";
		};
		29F3A1CB26A80599003DA9A3 /* Preview Content */ = {
			isa = PBXGroup;
			children = (
				29F3A1CC26A80599003DA9A3 /* Preview Assets.xcassets */,
			);
			path = "Preview Content";
			sourceTree = "<group>";
		};
		29F3A1D926A80A64003DA9A3 /* Model */ = {
			isa = PBXGroup;
			children = (
				29F3A1D726A80925003DA9A3 /* Employee.swift */,
				29F3A1DA26A80A9A003DA9A3 /* employee.json */,
			);
			path = Model;
			sourceTree = "<group>";
		};
		29F3A1E026A80D15003DA9A3 /* Data */ = {
			isa = PBXGroup;
			children = (
				29F3A1DE26A80CE8003DA9A3 /* Data.swift */,
			);
			path = Data;
			sourceTree = "<group>";
		};
		29F3A1E326A81015003DA9A3 /* View */ = {
			isa = PBXGroup;
			children = (
				29F3A1E626A831E3003DA9A3 /* LabelTextField.swift */,
				29F3A1EA26A839FB003DA9A3 /* SendedButton.swift */,
				29F3A1E826A83564003DA9A3 /* PortraitImage.swift */,
				29F3A1E126A81004003DA9A3 /* CircleImage.swift */,
				29F3A1E426A8123D003DA9A3 /* EmployeeRow.swift */,
			);
			path = View;
			sourceTree = "<group>";
		};
/* End PBXGroup section */

/* Begin PBXNativeTarget section */
		29F3A1BF26A80596003DA9A3 /* Demo_101 */ = {
			isa = PBXNativeTarget;
			buildConfigurationList = 29F3A1D426A80599003DA9A3 /* Build configuration list for PBXNativeTarget "Demo_101" */;
			buildPhases = (
				29F3A1BC26A80596003DA9A3 /* Sources */,
				29F3A1BD26A80596003DA9A3 /* Frameworks */,
				29F3A1BE26A80596003DA9A3 /* Resources */,
			);
			buildRules = (
			);
			dependencies = (
			);
			name = Demo_101;
			productName = Demo_101;
			productReference = 29F3A1C026A80596003DA9A3 /* Demo_101.app */;
			productType = "com.apple.product-type.application";
		};
/* End PBXNativeTarget section */

/* Begin PBXProject section */
		29F3A1B826A80596003DA9A3 /* Project object */ = {
			isa = PBXProject;
			attributes = {
				LastSwiftUpdateCheck = 1250;
				LastUpgradeCheck = 1250;
				TargetAttributes = {
					29F3A1BF26A80596003DA9A3 = {
						CreatedOnToolsVersion = 12.5;
					};
				};
			};
			buildConfigurationList = 29F3A1BB26A80596003DA9A3 /* Build configuration list for PBXProject "Demo_101" */;
			compatibilityVersion = "Xcode 9.3";
			developmentRegion = en;
			hasScannedForEncodings = 0;
			knownRegions = (
				en,
				Base,
			);
			mainGroup = 29F3A1B726A80596003DA9A3;
			productRefGroup = 29F3A1C126A80596003DA9A3 /* Products */;
			projectDirPath = "";
			projectRoot = "";
			targets = (
				29F3A1BF26A80596003DA9A3 /* Demo_101 */,
			);
		};
/* End PBXProject section */

/* Begin PBXResourcesBuildPhase section */
		29F3A1BE26A80596003DA9A3 /* Resources */ = {
			isa = PBXResourcesBuildPhase;
			buildActionMask = 2147483647;
			files = (
				29F3A1D026A80599003DA9A3 /* LaunchScreen.storyboard in Resources */,
				29F3A1DB26A80A9A003DA9A3 /* employee.json in Resources */,
				29F3A1CD26A80599003DA9A3 /* Preview Assets.xcassets in Resources */,
				29F3A1CA26A80599003DA9A3 /* Assets.xcassets in Resources */,
			);
			runOnlyForDeploymentPostprocessing = 0;
		};
/* End PBXResourcesBuildPhase section */

/* Begin PBXSourcesBuildPhase section */
		29F3A1BC26A80596003DA9A3 /* Sources */ = {
			isa = PBXSourcesBuildPhase;
			buildActionMask = 2147483647;
			files = (
				29F3A1C426A80596003DA9A3 /* AppDelegate.swift in Sources */,
				29F3A1E926A83564003DA9A3 /* PortraitImage.swift in Sources */,
				29F3A1DF26A80CE8003DA9A3 /* Data.swift in Sources */,
				29F3A1D826A80925003DA9A3 /* Employee.swift in Sources */,
				29F3A1E726A831E3003DA9A3 /* LabelTextField.swift in Sources */,
				29F3A1C626A80596003DA9A3 /* SceneDelegate.swift in Sources */,
				29F3A1C826A80596003DA9A3 /* ContentView.swift in Sources */,
				29F3A1E226A81004003DA9A3 /* CircleImage.swift in Sources */,
				29F3A1EB26A839FB003DA9A3 /* SendedButton.swift in Sources */,
				29F3A1E526A8123D003DA9A3 /* EmployeeRow.swift in Sources */,
			);
			runOnlyForDeploymentPostprocessing = 0;
		};
/* End PBXSourcesBuildPhase section */

/* Begin PBXVariantGroup section */
		29F3A1CE26A80599003DA9A3 /* LaunchScreen.storyboard */ = {
			isa = PBXVariantGroup;
			children = (
				29F3A1CF26A80599003DA9A3 /* Base */,
			);
			name = LaunchScreen.storyboard;
			sourceTree = "<group>";
		};
/* End PBXVariantGroup section */

/* Begin XCBuildConfiguration section */
		29F3A1D226A80599003DA9A3 /* Debug */ = {
			isa = XCBuildConfiguration;
			buildSettings = {
				ALWAYS_SEARCH_USER_PATHS = NO;
				CLANG_ANALYZER_NONNULL = YES;
				CLANG_ANALYZER_NUMBER_OBJECT_CONVERSION = YES_AGGRESSIVE;
				CLANG_CXX_LANGUAGE_STANDARD = "gnu++14";
				CLANG_CXX_LIBRARY = "libc++";
				CLANG_ENABLE_MODULES = YES;
				CLANG_ENABLE_OBJC_ARC = YES;
				CLANG_ENABLE_OBJC_WEAK = YES;
				CLANG_WARN_BLOCK_CAPTURE_AUTORELEASING = YES;
				CLANG_WARN_BOOL_CONVERSION = YES;
				CLANG_WARN_COMMA = YES;
				CLANG_WARN_CONSTANT_CONVERSION = YES;
				CLANG_WARN_DEPRECATED_OBJC_IMPLEMENTATIONS = YES;
				CLANG_WARN_DIRECT_OBJC_ISA_USAGE = YES_ERROR;
				CLANG_WARN_DOCUMENTATION_COMMENTS = YES;
				CLANG_WARN_EMPTY_BODY = YES;
				CLANG_WARN_ENUM_CONVERSION = YES;
				CLANG_WARN_INFINITE_RECURSION = YES;
				CLANG_WARN_INT_CONVERSION = YES;
				CLANG_WARN_NON_LITERAL_NULL_CONVERSION = YES;
				CLANG_WARN_OBJC_IMPLICIT_RETAIN_SELF = YES;
				CLANG_WARN_OBJC_LITERAL_CONVERSION = YES;
				CLANG_WARN_OBJC_ROOT_CLASS = YES_ERROR;
				CLANG_WARN_QUOTED_INCLUDE_IN_FRAMEWORK_HEADER = YES;
				CLANG_WARN_RANGE_LOOP_ANALYSIS = YES;
				CLANG_WARN_STRICT_PROTOTYPES = YES;
				CLANG_WARN_SUSPICIOUS_MOVE = YES;
				CLANG_WARN_UNGUARDED_AVAILABILITY = YES_AGGRESSIVE;
				CLANG_WARN_UNREACHABLE_CODE = YES;
				CLANG_WARN__DUPLICATE_METHOD_MATCH = YES;
				COPY_PHASE_STRIP = NO;
				DEBUG_INFORMATION_FORMAT = dwarf;
				ENABLE_STRICT_OBJC_MSGSEND = YES;
				ENABLE_TESTABILITY = YES;
				GCC_C_LANGUAGE_STANDARD = gnu11;
				GCC_DYNAMIC_NO_PIC = NO;
				GCC_NO_COMMON_BLOCKS = YES;
				GCC_OPTIMIZATION_LEVEL = 0;
				GCC_PREPROCESSOR_DEFINITIONS = (
					"DEBUG=1",
					"$(inherited)",
				);
				GCC_WARN_64_TO_32_BIT_CONVERSION = YES;
				GCC_WARN_ABOUT_RETURN_TYPE = YES_ERROR;
				GCC_WARN_UNDECLARED_SELECTOR = YES;
				GCC_WARN_UNINITIALIZED_AUTOS = YES_AGGRESSIVE;
				GCC_WARN_UNUSED_FUNCTION = YES;
				GCC_WARN_UNUSED_VARIABLE = YES;
				IPHONEOS_DEPLOYMENT_TARGET = 14.5;
				MTL_ENABLE_DEBUG_INFO = INCLUDE_SOURCE;
				MTL_FAST_MATH = YES;
				ONLY_ACTIVE_ARCH = YES;
				SDKROOT = iphoneos;
				SWIFT_ACTIVE_COMPILATION_CONDITIONS = DEBUG;
				SWIFT_OPTIMIZATION_LEVEL = "-Onone";
			};
			name = Debug;
		};
		29F3A1D326A80599003DA9A3 /* Release */ = {
			isa = XCBuildConfiguration;
			buildSettings = {
				ALWAYS_SEARCH_USER_PATHS = NO;
				CLANG_ANALYZER_NONNULL = YES;
				CLANG_ANALYZER_NUMBER_OBJECT_CONVERSION = YES_AGGRESSIVE;
				CLANG_CXX_LANGUAGE_STANDARD = "gnu++14";
				CLANG_CXX_LIBRARY = "libc++";
				CLANG_ENABLE_MODULES = YES;
				CLANG_ENABLE_OBJC_ARC = YES;
				CLANG_ENABLE_OBJC_WEAK = YES;
				CLANG_WARN_BLOCK_CAPTURE_AUTORELEASING = YES;
				CLANG_WARN_BOOL_CONVERSION = YES;
				CLANG_WARN_COMMA = YES;
				CLANG_WARN_CONSTANT_CONVERSION = YES;
				CLANG_WARN_DEPRECATED_OBJC_IMPLEMENTATIONS = YES;
				CLANG_WARN_DIRECT_OBJC_ISA_USAGE = YES_ERROR;
				CLANG_WARN_DOCUMENTATION_COMMENTS = YES;
				CLANG_WARN_EMPTY_BODY = YES;
				CLANG_WARN_ENUM_CONVERSION = YES;
				CLANG_WARN_INFINITE_RECURSION = YES;
				CLANG_WARN_INT_CONVERSION = YES;
				CLANG_WARN_NON_LITERAL_NULL_CONVERSION = YES;
				CLANG_WARN_OBJC_IMPLICIT_RETAIN_SELF = YES;
				CLANG_WARN_OBJC_LITERAL_CONVERSION = YES;
				CLANG_WARN_OBJC_ROOT_CLASS = YES_ERROR;
				CLANG_WARN_QUOTED_INCLUDE_IN_FRAMEWORK_HEADER = YES;
				CLANG_WARN_RANGE_LOOP_ANALYSIS = YES;
				CLANG_WARN_STRICT_PROTOTYPES = YES;
				CLANG_WARN_SUSPICIOUS_MOVE = YES;
				CLANG_WARN_UNGUARDED_AVAILABILITY = YES_AGGRESSIVE;
				CLANG_WARN_UNREACHABLE_CODE = YES;
				CLANG_WARN__DUPLICATE_METHOD_MATCH = YES;
				COPY_PHASE_STRIP = NO;
				DEBUG_INFORMATION_FORMAT = "dwarf-with-dsym";
				ENABLE_NS_ASSERTIONS = NO;
				ENABLE_STRICT_OBJC_MSGSEND = YES;
				GCC_C_LANGUAGE_STANDARD = gnu11;
				GCC_NO_COMMON_BLOCKS = YES;
				GCC_WARN_64_TO_32_BIT_CONVERSION = YES;
				GCC_WARN_ABOUT_RETURN_TYPE = YES_ERROR;
				GCC_WARN_UNDECLARED_SELECTOR = YES;
				GCC_WARN_UNINITIALIZED_AUTOS = YES_AGGRESSIVE;
				GCC_WARN_UNUSED_FUNCTION = YES;
				GCC_WARN_UNUSED_VARIABLE = YES;
				IPHONEOS_DEPLOYMENT_TARGET = 14.5;
				MTL_ENABLE_DEBUG_INFO = NO;
				MTL_FAST_MATH = YES;
				SDKROOT = iphoneos;
				SWIFT_COMPILATION_MODE = wholemodule;
				SWIFT_OPTIMIZATION_LEVEL = "-O";
				VALIDATE_PRODUCT = YES;
			};
			name = Release;
		};
		29F3A1D526A80599003DA9A3 /* Debug */ = {
			isa = XCBuildConfiguration;
			buildSettings = {
				ASSETCATALOG_COMPILER_APPICON_NAME = AppIcon;
				ASSETCATALOG_COMPILER_GLOBAL_ACCENT_COLOR_NAME = AccentColor;
				CODE_SIGN_STYLE = Automatic;
				DEVELOPMENT_ASSET_PATHS = "\"Demo_101/Preview Content\"";
				DEVELOPMENT_TEAM = VWDLUM96X8;
				ENABLE_PREVIEWS = YES;
				INFOPLIST_FILE = Demo_101/Info.plist;
				LD_RUNPATH_SEARCH_PATHS = (
					"$(inherited)",
					"@executable_path/Frameworks",
				);
				PRODUCT_BUNDLE_IDENTIFIER = "ClcStudio.Demo-101";
				PRODUCT_NAME = "$(TARGET_NAME)";
				SWIFT_VERSION = 5.0;
				TARGETED_DEVICE_FAMILY = "1,2";
			};
			name = Debug;
		};
		29F3A1D626A80599003DA9A3 /* Release */ = {
			isa = XCBuildConfiguration;
			buildSettings = {
				ASSETCATALOG_COMPILER_APPICON_NAME = AppIcon;
				ASSETCATALOG_COMPILER_GLOBAL_ACCENT_COLOR_NAME = AccentColor;
				CODE_SIGN_STYLE = Automatic;
				DEVELOPMENT_ASSET_PATHS = "\"Demo_101/Preview Content\"";
				DEVELOPMENT_TEAM = VWDLUM96X8;
				ENABLE_PREVIEWS = YES;
				INFOPLIST_FILE = Demo_101/Info.plist;
				LD_RUNPATH_SEARCH_PATHS = (
					"$(inherited)",
					"@executable_path/Frameworks",
				);
				PRODUCT_BUNDLE_IDENTIFIER = "ClcStudio.Demo-101";
				PRODUCT_NAME = "$(TARGET_NAME)";
				SWIFT_VERSION = 5.0;
				TARGETED_DEVICE_FAMILY = "1,2";
			};
			name = Release;
		};
/* End XCBuildConfiguration section */

/* Begin XCConfigurationList section */
		29F3A1BB26A80596003DA9A3 /* Build configuration list for PBXProject "Demo_101" */ = {
			isa = XCConfigurationList;
			buildConfigurations = (
				29F3A1D226A80599003DA9A3 /* Debug */,
				29F3A1D326A80599003DA9A3 /* Release */,
			);
			defaultConfigurationIsVisible = 0;
			defaultConfigurationName = Release;
		};
		29F3A1D426A80599003DA9A3 /* Build configuration list for PBXNativeTarget "Demo_101" */ = {
			isa = XCConfigurationList;
			buildConfigurations = (
				29F3A1D526A80599003DA9A3 /* Debug */,
				29F3A1D626A80599003DA9A3 /* Release */,
			);
			defaultConfigurationIsVisible = 0;
			defaultConfigurationName = Release;
		};
/* End XCConfigurationList section */
	};
	rootObject = 29F3A1B826A80596003DA9A3 /* Project object */;
}
